// !$*UTF8*$!
{
	archiveVersion = 1;
	classes = {
	};
	objectVersion = 50;
	objects = {

/* Begin PBXBuildFile section */
		60A246A9248A7E9A00960121 /* customButtonView.swift in Sources */ = {isa = PBXBuildFile; fileRef = 60A246A8248A7E9A00960121 /* customButtonView.swift */; };
		60A3BA16248D14C600C2D55C /* textCustomField.swift in Sources */ = {isa = PBXBuildFile; fileRef = 60A3BA15248D14C600C2D55C /* textCustomField.swift */; };
		60A763C9248A388300882E31 /* labelCustomField.swift in Sources */ = {isa = PBXBuildFile; fileRef = 60A763C8248A388300882E31 /* labelCustomField.swift */; };
		60D7D97B248A4C6B009190FD /* pickerViewCustom.swift in Sources */ = {isa = PBXBuildFile; fileRef = 60D7D97A248A4C6B009190FD /* pickerViewCustom.swift */; };
		60E4D190248BBE3F00B94AA9 /* LengthVC.swift in Sources */ = {isa = PBXBuildFile; fileRef = 60E4D18F248BBE3F00B94AA9 /* LengthVC.swift */; };
		60E4D192248BBE7700B94AA9 /* MassVC.swift in Sources */ = {isa = PBXBuildFile; fileRef = 60E4D191248BBE7700B94AA9 /* MassVC.swift */; };
		60E4D194248BBEA600B94AA9 /* VolumeVC.swift in Sources */ = {isa = PBXBuildFile; fileRef = 60E4D193248BBEA600B94AA9 /* VolumeVC.swift */; };
		60FBDAB32488BD480060269D /* AppDelegate.swift in Sources */ = {isa = PBXBuildFile; fileRef = 60FBDAB22488BD480060269D /* AppDelegate.swift */; };
		60FBDAB52488BD480060269D /* SceneDelegate.swift in Sources */ = {isa = PBXBuildFile; fileRef = 60FBDAB42488BD480060269D /* SceneDelegate.swift */; };
		60FBDAB72488BD480060269D /* MainVC.swift in Sources */ = {isa = PBXBuildFile; fileRef = 60FBDAB62488BD480060269D /* MainVC.swift */; };
		60FBDABA2488BD480060269D /* Main.storyboard in Resources */ = {isa = PBXBuildFile; fileRef = 60FBDAB82488BD480060269D /* Main.storyboard */; };
		60FBDABC2488BD490060269D /* Assets.xcassets in Resources */ = {isa = PBXBuildFile; fileRef = 60FBDABB2488BD490060269D /* Assets.xcassets */; };
		60FBDABF2488BD490060269D /* LaunchScreen.storyboard in Resources */ = {isa = PBXBuildFile; fileRef = 60FBDABD2488BD490060269D /* LaunchScreen.storyboard */; };
/* End PBXBuildFile section */

/* Begin PBXFileReference section */
		60A246A8248A7E9A00960121 /* customButtonView.swift */ = {isa = PBXFileReference; lastKnownFileType = sourcecode.swift; path = customButtonView.swift; sourceTree = "<group>"; };
		60A3BA15248D14C600C2D55C /* textCustomField.swift */ = {isa = PBXFileReference; lastKnownFileType = sourcecode.swift; path = textCustomField.swift; sourceTree = "<group>"; };
		60A763C8248A388300882E31 /* labelCustomField.swift */ = {isa = PBXFileReference; lastKnownFileType = sourcecode.swift; path = labelCustomField.swift; sourceTree = "<group>"; };
		60D7D97A248A4C6B009190FD /* pickerViewCustom.swift */ = {isa = PBXFileReference; lastKnownFileType = sourcecode.swift; path = pickerViewCustom.swift; sourceTree = "<group>"; };
		60E4D18F248BBE3F00B94AA9 /* LengthVC.swift */ = {isa = PBXFileReference; lastKnownFileType = sourcecode.swift; path = LengthVC.swift; sourceTree = "<group>"; };
		60E4D191248BBE7700B94AA9 /* MassVC.swift */ = {isa = PBXFileReference; lastKnownFileType = sourcecode.swift; path = MassVC.swift; sourceTree = "<group>"; };
		60E4D193248BBEA600B94AA9 /* VolumeVC.swift */ = {isa = PBXFileReference; lastKnownFileType = sourcecode.swift; path = VolumeVC.swift; sourceTree = "<group>"; };
		60FBDAAF2488BD480060269D /* unit-converter.app */ = {isa = PBXFileReference; explicitFileType = wrapper.application; includeInIndex = 0; path = "unit-converter.app"; sourceTree = BUILT_PRODUCTS_DIR; };
		60FBDAB22488BD480060269D /* AppDelegate.swift */ = {isa = PBXFileReference; lastKnownFileType = sourcecode.swift; path = AppDelegate.swift; sourceTree = "<group>"; };
		60FBDAB42488BD480060269D /* SceneDelegate.swift */ = {isa = PBXFileReference; lastKnownFileType = sourcecode.swift; path = SceneDelegate.swift; sourceTree = "<group>"; };
		60FBDAB62488BD480060269D /* MainVC.swift */ = {isa = PBXFileReference; lastKnownFileType = sourcecode.swift; path = MainVC.swift; sourceTree = "<group>"; };
		60FBDAB92488BD480060269D /* Base */ = {isa = PBXFileReference; lastKnownFileType = file.storyboard; name = Base; path = Base.lproj/Main.storyboard; sourceTree = "<group>"; };
		60FBDABB2488BD490060269D /* Assets.xcassets */ = {isa = PBXFileReference; lastKnownFileType = folder.assetcatalog; path = Assets.xcassets; sourceTree = "<group>"; };
		60FBDABE2488BD490060269D /* Base */ = {isa = PBXFileReference; lastKnownFileType = file.storyboard; name = Base; path = Base.lproj/LaunchScreen.storyboard; sourceTree = "<group>"; };
		60FBDAC02488BD490060269D /* Info.plist */ = {isa = PBXFileReference; lastKnownFileType = text.plist.xml; path = Info.plist; sourceTree = "<group>"; };
/* End PBXFileReference section */

/* Begin PBXFrameworksBuildPhase section */
		60FBDAAC2488BD480060269D /* Frameworks */ = {
			isa = PBXFrameworksBuildPhase;
			buildActionMask = 2147483647;
			files = (
			);
			runOnlyForDeploymentPostprocessing = 0;
		};
/* End PBXFrameworksBuildPhase section */

/* Begin PBXGroup section */
		60A3BBA62488F5AA00ED2B36 /* View */ = {
			isa = PBXGroup;
			children = (
				60A763C8248A388300882E31 /* labelCustomField.swift */,
				60D7D97A248A4C6B009190FD /* pickerViewCustom.swift */,
				60A246A8248A7E9A00960121 /* customButtonView.swift */,
				60A3BA15248D14C600C2D55C /* textCustomField.swift */,
			);
			path = View;
			sourceTree = "<group>";
		};
		60A3BBA82488F5CA00ED2B36 /* Model */ = {
			isa = PBXGroup;
			children = (
			);
			path = Model;
			sourceTree = "<group>";
		};
		60FBDAA62488BD480060269D = {
			isa = PBXGroup;
			children = (
				60FBDAB12488BD480060269D /* unit-converter */,
				60FBDAB02488BD480060269D /* Products */,
			);
			sourceTree = "<group>";
		};
		60FBDAB02488BD480060269D /* Products */ = {
			isa = PBXGroup;
			children = (
				60FBDAAF2488BD480060269D /* unit-converter.app */,
			);
			name = Products;
			sourceTree = "<group>";
		};
		60FBDAB12488BD480060269D /* unit-converter */ = {
			isa = PBXGroup;
			children = (
				60A3BBA82488F5CA00ED2B36 /* Model */,
				60A3BBA62488F5AA00ED2B36 /* View */,
				60FBDAC62488BD790060269D /* Controller */,
				60FBDAB22488BD480060269D /* AppDelegate.swift */,
				60FBDAB42488BD480060269D /* SceneDelegate.swift */,
				60FBDAB82488BD480060269D /* Main.storyboard */,
				60FBDABB2488BD490060269D /* Assets.xcassets */,
				60FBDABD2488BD490060269D /* LaunchScreen.storyboard */,
				60FBDAC02488BD490060269D /* Info.plist */,
			);
			path = "unit-converter";
			sourceTree = "<group>";
		};
		60FBDAC62488BD790060269D /* Controller */ = {
			isa = PBXGroup;
			children = (
				60FBDAB62488BD480060269D /* MainVC.swift */,
				60E4D18F248BBE3F00B94AA9 /* LengthVC.swift */,
				60E4D191248BBE7700B94AA9 /* MassVC.swift */,
				60E4D193248BBEA600B94AA9 /* VolumeVC.swift */,
			);
			path = Controller;
			sourceTree = "<group>";
		};
/* End PBXGroup section */

/* Begin PBXNativeTarget section */
		60FBDAAE2488BD480060269D /* unit-converter */ = {
			isa = PBXNativeTarget;
			buildConfigurationList = 60FBDAC32488BD490060269D /* Build configuration list for PBXNativeTarget "unit-converter" */;
			buildPhases = (
				60FBDAAB2488BD480060269D /* Sources */,
				60FBDAAC2488BD480060269D /* Frameworks */,
				60FBDAAD2488BD480060269D /* Resources */,
			);
			buildRules = (
			);
			dependencies = (
			);
			name = "unit-converter";
			productName = "unit-converter";
			productReference = 60FBDAAF2488BD480060269D /* unit-converter.app */;
			productType = "com.apple.product-type.application";
		};
/* End PBXNativeTarget section */

/* Begin PBXProject section */
		60FBDAA72488BD480060269D /* Project object */ = {
			isa = PBXProject;
			attributes = {
				LastSwiftUpdateCheck = 1140;
				LastUpgradeCheck = 1140;
				ORGANIZATIONNAME = Muhaimin;
				TargetAttributes = {
					60FBDAAE2488BD480060269D = {
						CreatedOnToolsVersion = 11.4.1;
					};
				};
			};
			buildConfigurationList = 60FBDAAA2488BD480060269D /* Build configuration list for PBXProject "unit-converter" */;
			compatibilityVersion = "Xcode 9.3";
			developmentRegion = en;
			hasScannedForEncodings = 0;
			knownRegions = (
				en,
				Base,
			);
			mainGroup = 60FBDAA62488BD480060269D;
			productRefGroup = 60FBDAB02488BD480060269D /* Products */;
			projectDirPath = "";
			projectRoot = "";
			targets = (
				60FBDAAE2488BD480060269D /* unit-converter */,
			);
		};
/* End PBXProject section */

/* Begin PBXResourcesBuildPhase section */
		60FBDAAD2488BD480060269D /* Resources */ = {
			isa = PBXResourcesBuildPhase;
			buildActionMask = 2147483647;
			files = (
				60FBDABF2488BD490060269D /* LaunchScreen.storyboard in Resources */,
				60FBDABC2488BD490060269D /* Assets.xcassets in Resources */,
				60FBDABA2488BD480060269D /* Main.storyboard in Resources */,
			);
			runOnlyForDeploymentPostprocessing = 0;
		};
/* End PBXResourcesBuildPhase section */

/* Begin PBXSourcesBuildPhase section */
		60FBDAAB2488BD480060269D /* Sources */ = {
			isa = PBXSourcesBuildPhase;
			buildActionMask = 2147483647;
			files = (
				60D7D97B248A4C6B009190FD /* pickerViewCustom.swift in Sources */,
				60A246A9248A7E9A00960121 /* customButtonView.swift in Sources */,
				60A3BA16248D14C600C2D55C /* textCustomField.swift in Sources */,
				60E4D194248BBEA600B94AA9 /* VolumeVC.swift in Sources */,
				60A763C9248A388300882E31 /* labelCustomField.swift in Sources */,
				60FBDAB72488BD480060269D /* MainVC.swift in Sources */,
				60E4D192248BBE7700B94AA9 /* MassVC.swift in Sources */,
				60FBDAB32488BD480060269D /* AppDelegate.swift in Sources */,
				60FBDAB52488BD480060269D /* SceneDelegate.swift in Sources */,
				60E4D190248BBE3F00B94AA9 /* LengthVC.swift in Sources */,
			);
			runOnlyForDeploymentPostprocessing = 0;
		};
/* End PBXSourcesBuildPhase section */

/* Begin PBXVariantGroup section */
		60FBDAB82488BD480060269D /* Main.storyboard */ = {
			isa = PBXVariantGroup;
			children = (
				60FBDAB92488BD480060269D /* Base */,
			);
			name = Main.storyboard;
			sourceTree = "<group>";
		};
		60FBDABD2488BD490060269D /* LaunchScreen.storyboard */ = {
			isa = PBXVariantGroup;
			children = (
				60FBDABE2488BD490060269D /* Base */,
			);
			name = LaunchScreen.storyboard;
			sourceTree = "<group>";
		};
/* End PBXVariantGroup section */

/* Begin XCBuildConfiguration section */
		60FBDAC12488BD490060269D /* Debug */ = {
			isa = XCBuildConfiguration;
			buildSettings = {
				ALWAYS_SEARCH_USER_PATHS = NO;
				CLANG_ANALYZER_NONNULL = YES;
				CLANG_ANALYZER_NUMBER_OBJECT_CONVERSION = YES_AGGRESSIVE;
				CLANG_CXX_LANGUAGE_STANDARD = "gnu++14";
				CLANG_CXX_LIBRARY = "libc++";
				CLANG_ENABLE_MODULES = YES;
				CLANG_ENABLE_OBJC_ARC = YES;
				CLANG_ENABLE_OBJC_WEAK = YES;
				CLANG_WARN_BLOCK_CAPTURE_AUTORELEASING = YES;
				CLANG_WARN_BOOL_CONVERSION = YES;
				CLANG_WARN_COMMA = YES;
				CLANG_WARN_CONSTANT_CONVERSION = YES;
				CLANG_WARN_DEPRECATED_OBJC_IMPLEMENTATIONS = YES;
				CLANG_WARN_DIRECT_OBJC_ISA_USAGE = YES_ERROR;
				CLANG_WARN_DOCUMENTATION_COMMENTS = YES;
				CLANG_WARN_EMPTY_BODY = YES;
				CLANG_WARN_ENUM_CONVERSION = YES;
				CLANG_WARN_INFINITE_RECURSION = YES;
				CLANG_WARN_INT_CONVERSION = YES;
				CLANG_WARN_NON_LITERAL_NULL_CONVERSION = YES;
				CLANG_WARN_OBJC_IMPLICIT_RETAIN_SELF = YES;
				CLANG_WARN_OBJC_LITERAL_CONVERSION = YES;
				CLANG_WARN_OBJC_ROOT_CLASS = YES_ERROR;
				CLANG_WARN_RANGE_LOOP_ANALYSIS = YES;
				CLANG_WARN_STRICT_PROTOTYPES = YES;
				CLANG_WARN_SUSPICIOUS_MOVE = YES;
				CLANG_WARN_UNGUARDED_AVAILABILITY = YES_AGGRESSIVE;
				CLANG_WARN_UNREACHABLE_CODE = YES;
				CLANG_WARN__DUPLICATE_METHOD_MATCH = YES;
				COPY_PHASE_STRIP = NO;
				DEBUG_INFORMATION_FORMAT = dwarf;
				ENABLE_STRICT_OBJC_MSGSEND = YES;
				ENABLE_TESTABILITY = YES;
				GCC_C_LANGUAGE_STANDARD = gnu11;
				GCC_DYNAMIC_NO_PIC = NO;
				GCC_NO_COMMON_BLOCKS = YES;
				GCC_OPTIMIZATION_LEVEL = 0;
				GCC_PREPROCESSOR_DEFINITIONS = (
					"DEBUG=1",
					"$(inherited)",
				);
				GCC_WARN_64_TO_32_BIT_CONVERSION = YES;
				GCC_WARN_ABOUT_RETURN_TYPE = YES_ERROR;
				GCC_WARN_UNDECLARED_SELECTOR = YES;
				GCC_WARN_UNINITIALIZED_AUTOS = YES_AGGRESSIVE;
				GCC_WARN_UNUSED_FUNCTION = YES;
				GCC_WARN_UNUSED_VARIABLE = YES;
				IPHONEOS_DEPLOYMENT_TARGET = 13.4;
				MTL_ENABLE_DEBUG_INFO = INCLUDE_SOURCE;
				MTL_FAST_MATH = YES;
				ONLY_ACTIVE_ARCH = YES;
				SDKROOT = iphoneos;
				SWIFT_ACTIVE_COMPILATION_CONDITIONS = DEBUG;
				SWIFT_OPTIMIZATION_LEVEL = "-Onone";
			};
			name = Debug;
		};
		60FBDAC22488BD490060269D /* Release */ = {
			isa = XCBuildConfiguration;
			buildSettings = {
				ALWAYS_SEARCH_USER_PATHS = NO;
				CLANG_ANALYZER_NONNULL = YES;
				CLANG_ANALYZER_NUMBER_OBJECT_CONVERSION = YES_AGGRESSIVE;
				CLANG_CXX_LANGUAGE_STANDARD = "gnu++14";
				CLANG_CXX_LIBRARY = "libc++";
				CLANG_ENABLE_MODULES = YES;
				CLANG_ENABLE_OBJC_ARC = YES;
				CLANG_ENABLE_OBJC_WEAK = YES;
				CLANG_WARN_BLOCK_CAPTURE_AUTORELEASING = YES;
				CLANG_WARN_BOOL_CONVERSION = YES;
				CLANG_WARN_COMMA = YES;
				CLANG_WARN_CONSTANT_CONVERSION = YES;
				CLANG_WARN_DEPRECATED_OBJC_IMPLEMENTATIONS = YES;
				CLANG_WARN_DIRECT_OBJC_ISA_USAGE = YES_ERROR;
				CLANG_WARN_DOCUMENTATION_COMMENTS = YES;
				CLANG_WARN_EMPTY_BODY = YES;
				CLANG_WARN_ENUM_CONVERSION = YES;
				CLANG_WARN_INFINITE_RECURSION = YES;
				CLANG_WARN_INT_CONVERSION = YES;
				CLANG_WARN_NON_LITERAL_NULL_CONVERSION = YES;
				CLANG_WARN_OBJC_IMPLICIT_RETAIN_SELF = YES;
				CLANG_WARN_OBJC_LITERAL_CONVERSION = YES;
				CLANG_WARN_OBJC_ROOT_CLASS = YES_ERROR;
				CLANG_WARN_RANGE_LOOP_ANALYSIS = YES;
				CLANG_WARN_STRICT_PROTOTYPES = YES;
				CLANG_WARN_SUSPICIOUS_MOVE = YES;
				CLANG_WARN_UNGUARDED_AVAILABILITY = YES_AGGRESSIVE;
				CLANG_WARN_UNREACHABLE_CODE = YES;
				CLANG_WARN__DUPLICATE_METHOD_MATCH = YES;
				COPY_PHASE_STRIP = NO;
				DEBUG_INFORMATION_FORMAT = "dwarf-with-dsym";
				ENABLE_NS_ASSERTIONS = NO;
				ENABLE_STRICT_OBJC_MSGSEND = YES;
				GCC_C_LANGUAGE_STANDARD = gnu11;
				GCC_NO_COMMON_BLOCKS = YES;
				GCC_WARN_64_TO_32_BIT_CONVERSION = YES;
				GCC_WARN_ABOUT_RETURN_TYPE = YES_ERROR;
				GCC_WARN_UNDECLARED_SELECTOR = YES;
				GCC_WARN_UNINITIALIZED_AUTOS = YES_AGGRESSIVE;
				GCC_WARN_UNUSED_FUNCTION = YES;
				GCC_WARN_UNUSED_VARIABLE = YES;
				IPHONEOS_DEPLOYMENT_TARGET = 13.4;
				MTL_ENABLE_DEBUG_INFO = NO;
				MTL_FAST_MATH = YES;
				SDKROOT = iphoneos;
				SWIFT_COMPILATION_MODE = wholemodule;
				SWIFT_OPTIMIZATION_LEVEL = "-O";
				VALIDATE_PRODUCT = YES;
			};
			name = Release;
		};
		60FBDAC42488BD490060269D /* Debug */ = {
			isa = XCBuildConfiguration;
			buildSettings = {
				ASSETCATALOG_COMPILER_APPICON_NAME = AppIcon;
				CODE_SIGN_STYLE = Automatic;
				DEVELOPMENT_TEAM = MCT9J8W659;
				INFOPLIST_FILE = "unit-converter/Info.plist";
				LD_RUNPATH_SEARCH_PATHS = (
					"$(inherited)",
					"@executable_path/Frameworks",
				);
				PRODUCT_BUNDLE_IDENTIFIER = "com.muhaimin.unit-converter";
				PRODUCT_NAME = "$(TARGET_NAME)";
				SWIFT_VERSION = 5.0;
				TARGETED_DEVICE_FAMILY = "1,2";
			};
			name = Debug;
		};
		60FBDAC52488BD490060269D /* Release */ = {
			isa = XCBuildConfiguration;
			buildSettings = {
				ASSETCATALOG_COMPILER_APPICON_NAME = AppIcon;
				CODE_SIGN_STYLE = Automatic;
				DEVELOPMENT_TEAM = MCT9J8W659;
				INFOPLIST_FILE = "unit-converter/Info.plist";
				LD_RUNPATH_SEARCH_PATHS = (
					"$(inherited)",
					"@executable_path/Frameworks",
				);
				PRODUCT_BUNDLE_IDENTIFIER = "com.muhaimin.unit-converter";
				PRODUCT_NAME = "$(TARGET_NAME)";
				SWIFT_VERSION = 5.0;
				TARGETED_DEVICE_FAMILY = "1,2";
			};
			name = Release;
		};
/* End XCBuildConfiguration section */

/* Begin XCConfigurationList section */
		60FBDAAA2488BD480060269D /* Build configuration list for PBXProject "unit-converter" */ = {
			isa = XCConfigurationList;
			buildConfigurations = (
				60FBDAC12488BD490060269D /* Debug */,
				60FBDAC22488BD490060269D /* Release */,
			);
			defaultConfigurationIsVisible = 0;
			defaultConfigurationName = Release;
		};
		60FBDAC32488BD490060269D /* Build configuration list for PBXNativeTarget "unit-converter" */ = {
			isa = XCConfigurationList;
			buildConfigurations = (
				60FBDAC42488BD490060269D /* Debug */,
				60FBDAC52488BD490060269D /* Release */,
			);
			defaultConfigurationIsVisible = 0;
			defaultConfigurationName = Release;
		};
/* End XCConfigurationList section */
	};
	rootObject = 60FBDAA72488BD480060269D /* Project object */;
}
